
Microsoft Visual Studio Solution File, Format Version 12.00
# Visual Studio Version 17
VisualStudioVersion = 17.10.35013.160
MinimumVisualStudioVersion = 10.0.40219.1
Project("{FAE04EC0-301F-11D3-BF4B-00C04F79EFBC}") = "Knowledge-Check-2", "Knowledge-Check-2.csproj", "{F5C40A7E-82D5-4DFC-B50A-E7D6FD5B0916}"
EndProject
Global
	GlobalSection(SolutionConfigurationPlatforms) = preSolution
		Debug|Any CPU = Debug|Any CPU
		Release|Any CPU = Release|Any CPU
	EndGlobalSection
	GlobalSection(ProjectConfigurationPlatforms) = postSolution
		{F5C40A7E-82D5-4DFC-B50A-E7D6FD5B0916}.Debug|Any CPU.ActiveCfg = Debug|Any CPU
		{F5C40A7E-82D5-4DFC-B50A-E7D6FD5B0916}.Debug|Any CPU.Build.0 = Debug|Any CPU
		{F5C40A7E-82D5-4DFC-B50A-E7D6FD5B0916}.Release|Any CPU.ActiveCfg = Release|Any CPU
		{F5C40A7E-82D5-4DFC-B50A-E7D6FD5B0916}.Release|Any CPU.Build.0 = Release|Any CPU
	EndGlobalSection
	GlobalSection(SolutionProperties) = preSolution
		HideSolutionNode = FALSE
	EndGlobalSection
	GlobalSection(ExtensibilityGlobals) = postSolution
		SolutionGuid = {BCF25C41-3CB6-404B-AB70-B54338CB83F5}
	EndGlobalSection
EndGlobal
